
Microsoft Visual Studio Solution File, Format Version 12.00
# Visual Studio Version 17
VisualStudioVersion = 17.3.32811.315
MinimumVisualStudioVersion = 10.0.40219.1
Project("{FAE04EC0-301F-11D3-BF4B-00C04F79EFBC}") = "iMessengerCoreAPI", "iMessengerCoreAPI.csproj", "{1F348820-B4FA-4CF0-92EC-3FD4AF3298E9}"
EndProject
Global
	GlobalSection(SolutionConfigurationPlatforms) = preSolution
		Debug|Any CPU = Debug|Any CPU
		Release|Any CPU = Release|Any CPU
	EndGlobalSection
	GlobalSection(ProjectConfigurationPlatforms) = postSolution
		{1F348820-B4FA-4CF0-92EC-3FD4AF3298E9}.Debug|Any CPU.ActiveCfg = Debug|Any CPU
		{1F348820-B4FA-4CF0-92EC-3FD4AF3298E9}.Debug|Any CPU.Build.0 = Debug|Any CPU
		{1F348820-B4FA-4CF0-92EC-3FD4AF3298E9}.Release|Any CPU.ActiveCfg = Release|Any CPU
		{1F348820-B4FA-4CF0-92EC-3FD4AF3298E9}.Release|Any CPU.Build.0 = Release|Any CPU
	EndGlobalSection
	GlobalSection(SolutionProperties) = preSolution
		HideSolutionNode = FALSE
	EndGlobalSection
	GlobalSection(ExtensibilityGlobals) = postSolution
		SolutionGuid = {CD757696-9803-4E09-9698-C64EAF38CC7E}
	EndGlobalSection
EndGlobal
